
Microsoft Visual Studio Solution File, Format Version 12.00
# Visual Studio Version 17
VisualStudioVersion = 17.3.32901.215
MinimumVisualStudioVersion = 10.0.40219.1
Project("{FAE04EC0-301F-11D3-BF4B-00C04F79EFBC}") = "WordHunt", "WordHunt\WordHunt.csproj", "{FE78608D-7433-4DDE-8E69-B64848F12B12}"
EndProject
Global
	GlobalSection(SolutionConfigurationPlatforms) = preSolution
		Debug|Any CPU = Debug|Any CPU
		Release|Any CPU = Release|Any CPU
	EndGlobalSection
	GlobalSection(ProjectConfigurationPlatforms) = postSolution
		{FE78608D-7433-4DDE-8E69-B64848F12B12}.Debug|Any CPU.ActiveCfg = Debug|Any CPU
		{FE78608D-7433-4DDE-8E69-B64848F12B12}.Debug|Any CPU.Build.0 = Debug|Any CPU
		{FE78608D-7433-4DDE-8E69-B64848F12B12}.Release|Any CPU.ActiveCfg = Release|Any CPU
		{FE78608D-7433-4DDE-8E69-B64848F12B12}.Release|Any CPU.Build.0 = Release|Any CPU
	EndGlobalSection
	GlobalSection(SolutionProperties) = preSolution
		HideSolutionNode = FALSE
	EndGlobalSection
	GlobalSection(ExtensibilityGlobals) = postSolution
		SolutionGuid = {35473122-F2B1-4DF8-84A7-2CB87C96F263}
	EndGlobalSection
EndGlobal
